// !$*UTF8*$!
{
	archiveVersion = 1;
	classes = {
	};
	objectVersion = 46;
	objects = {

/* Begin PBXBuildFile section */
		1DDD58160DA1D0A300B32029 /* TBMainMenu.xib in Resources */ = {isa = PBXBuildFile; fileRef = 1DDD58140DA1D0A300B32029 /* TBMainMenu.xib */; };
		256AC3DA0F4B6AC300CF3369 /* TrafficBotAppDelegate.m in Sources */ = {isa = PBXBuildFile; fileRef = 256AC3D90F4B6AC300CF3369 /* TrafficBotAppDelegate.m */; };
		8D11072B0486CEB800E47090 /* InfoPlist.strings in Resources */ = {isa = PBXBuildFile; fileRef = 089C165CFE840E0CC02AAC07 /* InfoPlist.strings */; };
		8D11072D0486CEB800E47090 /* main.m in Sources */ = {isa = PBXBuildFile; fileRef = 29B97316FDCFA39411CA2CEA /* main.m */; settings = {ATTRIBUTES = (); }; };
		8D11072F0486CEB800E47090 /* Cocoa.framework in Frameworks */ = {isa = PBXBuildFile; fileRef = 1058C7A1FEA54F0111CA2CBB /* Cocoa.framework */; };
		B16F068C1275E53C00D13C0B /* TBPreferencesWindow.xib in Resources */ = {isa = PBXBuildFile; fileRef = B16F068B1275E53C00D13C0B /* TBPreferencesWindow.xib */; };
		B16F069312760D4E00D13C0B /* TBStatusWindowController.m in Sources */ = {isa = PBXBuildFile; fileRef = B16F069212760D4E00D13C0B /* TBStatusWindowController.m */; };
		B16F06A4127619A400D13C0B /* TBStatusItemController.m in Sources */ = {isa = PBXBuildFile; fileRef = B16F06A3127619A400D13C0B /* TBStatusItemController.m */; };
		B16F06C71276211D00D13C0B /* TBStatusItemView.m in Sources */ = {isa = PBXBuildFile; fileRef = B16F06C61276211D00D13C0B /* TBStatusItemView.m */; };
		B16F084A12772C8200D13C0B /* MAAttachedWindow.m in Sources */ = {isa = PBXBuildFile; fileRef = B16F084912772C8200D13C0B /* MAAttachedWindow.m */; };
		B16F08A61277636900D13C0B /* Carbon.framework in Frameworks */ = {isa = PBXBuildFile; fileRef = B16F08A51277636900D13C0B /* Carbon.framework */; };
		B16F0C421278708300D13C0B /* Gauge Pointer.png in Resources */ = {isa = PBXBuildFile; fileRef = B16F0C401278708300D13C0B /* Gauge Pointer.png */; };
		B16F0C431278708300D13C0B /* Gauge Face.png in Resources */ = {isa = PBXBuildFile; fileRef = B16F0C411278708300D13C0B /* Gauge Face.png */; };
		B16F0C461278709C00D13C0B /* AKGaugeView.m in Sources */ = {isa = PBXBuildFile; fileRef = B16F0C451278709C00D13C0B /* AKGaugeView.m */; };
		B16F0E941278CE6B00D13C0B /* AKTrafficMonitorService.m in Sources */ = {isa = PBXBuildFile; fileRef = B16F0E931278CE6B00D13C0B /* AKTrafficMonitorService.m */; };
		B16F0F151278FBAA00D13C0B /* Cog.png in Resources */ = {isa = PBXBuildFile; fileRef = B16F0F141278FBAA00D13C0B /* Cog.png */; };
		B16F0F291278FD0F00D13C0B /* Dark Cog.png in Resources */ = {isa = PBXBuildFile; fileRef = B16F0F281278FD0F00D13C0B /* Dark Cog.png */; };
		B16F108A127A09D000D13C0B /* APDrawingCategories.m in Sources */ = {isa = PBXBuildFile; fileRef = B16F1089127A09D000D13C0B /* APDrawingCategories.m */; };
		B1F44962127E195F0020735E /* TBPreferencesWindowController.m in Sources */ = {isa = PBXBuildFile; fileRef = B1F44961127E195F0020735E /* TBPreferencesWindowController.m */; };
		B1F449B0127E352B0020735E /* NSWindow-NoodleEffects.m in Sources */ = {isa = PBXBuildFile; fileRef = B1F449AF127E352B0020735E /* NSWindow-NoodleEffects.m */; };
		B1F44B52127F30530020735E /* Set Up Button.png in Resources */ = {isa = PBXBuildFile; fileRef = B1F44B50127F30530020735E /* Set Up Button.png */; };
		B1F44B53127F30530020735E /* Set Up Button Pressed.png in Resources */ = {isa = PBXBuildFile; fileRef = B1F44B51127F30530020735E /* Set Up Button Pressed.png */; };
		B500D93313C99CC000FD6D1C /* AKLandmark.m in Sources */ = {isa = PBXBuildFile; fileRef = B500D93213C99CC000FD6D1C /* AKLandmark.m */; };
		B5518F5A1438D2F6002A433C /* BWQuincyMain.nib in Resources */ = {isa = PBXBuildFile; fileRef = B5518F571438D2F6002A433C /* BWQuincyMain.nib */; };
		B5518F5B1438D2F6002A433C /* BWQuincyManager.m in Sources */ = {isa = PBXBuildFile; fileRef = B5518F591438D2F6002A433C /* BWQuincyManager.m */; };
		B552662513C721ED0037C39E /* AKLandmarkManager.m in Sources */ = {isa = PBXBuildFile; fileRef = B552662413C721ED0037C39E /* AKLandmarkManager.m */; };
		B552662713C723820037C39E /* CoreLocation.framework in Frameworks */ = {isa = PBXBuildFile; fileRef = B552662613C723820037C39E /* CoreLocation.framework */; };
		B567EC1613ED715200934E1E /* NSDate+AKCachedDateString.m in Sources */ = {isa = PBXBuildFile; fileRef = B567EC1513ED715200934E1E /* NSDate+AKCachedDateString.m */; };
		B5795FF4142A208600D35F8E /* TrafficBotHelperConnection.m in Sources */ = {isa = PBXBuildFile; fileRef = B5795FF3142A208600D35F8E /* TrafficBotHelperConnection.m */; };
		B57E9E8A13CF435400F76ED6 /* Help.png in Resources */ = {isa = PBXBuildFile; fileRef = B57E9E8913CF435400F76ED6 /* Help.png */; };
		B581F7CA13CA1D6000885FE8 /* AKAddLandmarkWindow.xib in Resources */ = {isa = PBXBuildFile; fileRef = B581F7C913CA1D6000885FE8 /* AKAddLandmarkWindow.xib */; };
		B581F7CE13CA1DCC00885FE8 /* AKAddLandmarkWindowController.m in Sources */ = {isa = PBXBuildFile; fileRef = B581F7CD13CA1DCC00885FE8 /* AKAddLandmarkWindowController.m */; };
		B593C18713CD8049006D03B9 /* Maps.png in Resources */ = {isa = PBXBuildFile; fileRef = B593C18613CD8049006D03B9 /* Maps.png */; };
		B5A1932C13D58A75006E6F40 /* Entitlements.entitlements in Resources */ = {isa = PBXBuildFile; fileRef = B5A1932B13D58A75006E6F40 /* Entitlements.entitlements */; };
		B5E35C11142F533E00BC1734 /* Good16.png in Resources */ = {isa = PBXBuildFile; fileRef = B5E35C0F142F533E00BC1734 /* Good16.png */; };
		B5E35C12142F533E00BC1734 /* Bad16.png in Resources */ = {isa = PBXBuildFile; fileRef = B5E35C10142F533E00BC1734 /* Bad16.png */; };
		DA049FC112B8534600ECA24C /* Gauge Pressed.png in Resources */ = {isa = PBXBuildFile; fileRef = DA049FBF12B8534600ECA24C /* Gauge Pressed.png */; };
		DA049FC212B8534600ECA24C /* Gauge.png in Resources */ = {isa = PBXBuildFile; fileRef = DA049FC012B8534600ECA24C /* Gauge.png */; };
		DA06937612BD9774008B1584 /* GVViewCollection.m in Sources */ = {isa = PBXBuildFile; fileRef = DA06937512BD9774008B1584 /* GVViewCollection.m */; };
		DA0B21FA1310325100F375B6 /* IOKit.framework in Frameworks */ = {isa = PBXBuildFile; fileRef = DA0B21F91310325100F375B6 /* IOKit.framework */; };
		DA0B21FE1310325B00F375B6 /* Security.framework in Frameworks */ = {isa = PBXBuildFile; fileRef = DA0B21FD1310325B00F375B6 /* Security.framework */; };
		DA0B22021310326700F375B6 /* libcrypto.dylib in Frameworks */ = {isa = PBXBuildFile; fileRef = DA0B22011310326700F375B6 /* libcrypto.dylib */; };
		DA0B22051310328800F375B6 /* NPReceiptVerification.m in Sources */ = {isa = PBXBuildFile; fileRef = DA0B22041310328800F375B6 /* NPReceiptVerification.m */; };
		DA19893E12B459FD00D64DD7 /* TBGraphView.m in Sources */ = {isa = PBXBuildFile; fileRef = DA19893B12B459FD00D64DD7 /* TBGraphView.m */; };
		DA19893F12B459FD00D64DD7 /* GVDescriptionWindow.m in Sources */ = {isa = PBXBuildFile; fileRef = DA19893D12B459FD00D64DD7 /* GVDescriptionWindow.m */; };
		DA19897C12B45BDA00D64DD7 /* AKBytesFormatter.m in Sources */ = {isa = PBXBuildFile; fileRef = DA19897B12B45BDA00D64DD7 /* AKBytesFormatter.m */; };
		DA198D5512B6B41A00D64DD7 /* TBGraphWindow.xib in Resources */ = {isa = PBXBuildFile; fileRef = DA198D5412B6B41A00D64DD7 /* TBGraphWindow.xib */; };
		DA198D5C12B6B47E00D64DD7 /* TBGraphWindowController.m in Sources */ = {isa = PBXBuildFile; fileRef = DA198D5B12B6B47E00D64DD7 /* TBGraphWindowController.m */; };
		DA4BE76A12AC8CDF0070618E /* LaunchAtLoginController.m in Sources */ = {isa = PBXBuildFile; fileRef = DA4BE76912AC8CDF0070618E /* LaunchAtLoginController.m */; };
		DA4BF12312B2930C0070618E /* NSWindow+AKFlip.m in Sources */ = {isa = PBXBuildFile; fileRef = DA4BF12212B2930C0070618E /* NSWindow+AKFlip.m */; };
		DA4BF13B12B29EFE0070618E /* QuartzCore.framework in Frameworks */ = {isa = PBXBuildFile; fileRef = DA4BF13A12B29EFE0070618E /* QuartzCore.framework */; };
		DA66D91F12EB511D0065454C /* AKSummaryView.m in Sources */ = {isa = PBXBuildFile; fileRef = DA66D91E12EB511D0065454C /* AKSummaryView.m */; };
		DA66D92812EB52030065454C /* TBSummaryGenerator.m in Sources */ = {isa = PBXBuildFile; fileRef = DA66D92712EB52030065454C /* TBSummaryGenerator.m */; };
		DA66DAA512EB737C0065454C /* Caution.png in Resources */ = {isa = PBXBuildFile; fileRef = DA66DAA412EB737C0065454C /* Caution.png */; };
		DA66DB2B12EBE0A60065454C /* Icon.icns in Resources */ = {isa = PBXBuildFile; fileRef = DA66DB2A12EBE0A60065454C /* Icon.icns */; };
		DA66DB3812ECA0490065454C /* Hint.png in Resources */ = {isa = PBXBuildFile; fileRef = DA66DB3712ECA0490065454C /* Hint.png */; };
		DA66DBFF12ECAEDB0065454C /* Credits.rtf in Resources */ = {isa = PBXBuildFile; fileRef = DA66DBFE12ECAEDB0065454C /* Credits.rtf */; };
		DA6933EE12F7739C0052DEC6 /* Sleep Mac.scpt in Resources */ = {isa = PBXBuildFile; fileRef = DA69338412F76FC40052DEC6 /* Sleep Mac.scpt */; };
		DA6D3BE112B959D0003D5F61 /* TBStatusWindow.xib in Resources */ = {isa = PBXBuildFile; fileRef = DA6D3BE012B959D0003D5F61 /* TBStatusWindow.xib */; };
		DAB7E22612E2408E006ED7C8 /* TBSetupView.m in Sources */ = {isa = PBXBuildFile; fileRef = DAB7E22512E2408E006ED7C8 /* TBSetupView.m */; };
		DAB7E48312E34B0B006ED7C8 /* TBFirstLaunchWindowController.m in Sources */ = {isa = PBXBuildFile; fileRef = DAB7E48212E34B0B006ED7C8 /* TBFirstLaunchWindowController.m */; };
		DAB7E48612E34B4D006ED7C8 /* TBFirstLaunchWindow.xib in Resources */ = {isa = PBXBuildFile; fileRef = DAB7E48512E34B4D006ED7C8 /* TBFirstLaunchWindow.xib */; };
		DAB7E78C12E3E06E006ED7C8 /* Growl.framework in Frameworks */ = {isa = PBXBuildFile; fileRef = DAB7E78A12E3E06E006ED7C8 /* Growl.framework */; };
		DAB7E79412E3E076006ED7C8 /* Growl.framework in Copy Libraries */ = {isa = PBXBuildFile; fileRef = DAB7E78A12E3E06E006ED7C8 /* Growl.framework */; };
		DAB7EB8912E8FD8B006ED7C8 /* Graph Button Pressed.png in Resources */ = {isa = PBXBuildFile; fileRef = DAB7EB8512E8FD8B006ED7C8 /* Graph Button Pressed.png */; };
		DAB7EB8A12E8FD8B006ED7C8 /* Graph Button.png in Resources */ = {isa = PBXBuildFile; fileRef = DAB7EB8612E8FD8B006ED7C8 /* Graph Button.png */; };
		DAB7EC2B12E904BA006ED7C8 /* GraphWindowBackground.png in Resources */ = {isa = PBXBuildFile; fileRef = DAB7EC2912E904BA006ED7C8 /* GraphWindowBackground.png */; };
		DABEB80213480C4100063B84 /* NSFont+AKFallback.m in Sources */ = {isa = PBXBuildFile; fileRef = DABEB80113480C4100063B84 /* NSFont+AKFallback.m */; };
		DABFB45E129F21AB00AE41FF /* Monitor.png in Resources */ = {isa = PBXBuildFile; fileRef = DABFB45B129F21AB00AE41FF /* Monitor.png */; };
		DABFB4B0129F2CF100AE41FF /* TBDefaults.plist in Resources */ = {isa = PBXBuildFile; fileRef = DABFB4AF129F2CF100AE41FF /* TBDefaults.plist */; };
		DABFB4D712A0421A00AE41FF /* NSDate+AKMidnight.m in Sources */ = {isa = PBXBuildFile; fileRef = DABFB4D612A0421A00AE41FF /* NSDate+AKMidnight.m */; };
/* End PBXBuildFile section */

/* Begin PBXContainerItemProxy section */
		B525B14414305DFC00E8C985 /* PBXContainerItemProxy */ = {
			isa = PBXContainerItemProxy;
			containerPortal = B5795E761429E72A00D35F8E /* TrafficBotHelper.xcodeproj */;
			proxyType = 2;
			remoteGlobalIDString = B5D94740142DDBFE00D5E1CC;
			remoteInfo = TrafficBotHelperDaemon;
		};
		B525B14614305DFC00E8C985 /* PBXContainerItemProxy */ = {
			isa = PBXContainerItemProxy;
			containerPortal = B5795E761429E72A00D35F8E /* TrafficBotHelper.xcodeproj */;
			proxyType = 2;
			remoteGlobalIDString = B5D94705142DD92200D5E1CC;
			remoteInfo = TrafficBotHelperInstaller;
		};
		B525B14814305DFC00E8C985 /* PBXContainerItemProxy */ = {
			isa = PBXContainerItemProxy;
			containerPortal = B5795E761429E72A00D35F8E /* TrafficBotHelper.xcodeproj */;
			proxyType = 2;
			remoteGlobalIDString = 6137962B142DB98A00822607;
			remoteInfo = TrafficBotHelperTester;
		};
		B5795FE31429EC8F00D35F8E /* PBXContainerItemProxy */ = {
			isa = PBXContainerItemProxy;
			containerPortal = B5795E761429E72A00D35F8E /* TrafficBotHelper.xcodeproj */;
			proxyType = 2;
			remoteGlobalIDString = B5795B7E1429982900D35F8E;
			remoteInfo = TrafficBotHelper;
		};
/* End PBXContainerItemProxy section */

/* Begin PBXCopyFilesBuildPhase section */
		DAB7E70612E3D5BB006ED7C8 /* Copy Libraries */ = {
			isa = PBXCopyFilesBuildPhase;
			buildActionMask = 2147483647;
			dstPath = "";
			dstSubfolderSpec = 10;
			files = (
				DAB7E79412E3E076006ED7C8 /* Growl.framework in Copy Libraries */,
			);
			name = "Copy Libraries";
			runOnlyForDeploymentPostprocessing = 0;
		};
/* End PBXCopyFilesBuildPhase section */

/* Begin PBXFileReference section */
		089C165DFE840E0CC02AAC07 /* English */ = {isa = PBXFileReference; fileEncoding = 4; lastKnownFileType = text.plist.strings; name = English; path = English.lproj/InfoPlist.strings; sourceTree = "<group>"; };
		1058C7A1FEA54F0111CA2CBB /* Cocoa.framework */ = {isa = PBXFileReference; lastKnownFileType = wrapper.framework; name = Cocoa.framework; path = /System/Library/Frameworks/Cocoa.framework; sourceTree = "<absolute>"; };
		13E42FB307B3F0F600E4EEF1 /* CoreData.framework */ = {isa = PBXFileReference; lastKnownFileType = wrapper.framework; name = CoreData.framework; path = /System/Library/Frameworks/CoreData.framework; sourceTree = "<absolute>"; };
		1DDD58150DA1D0A300B32029 /* English */ = {isa = PBXFileReference; lastKnownFileType = file.xib; name = English; path = English.lproj/TBMainMenu.xib; sourceTree = "<group>"; };
		256AC3D80F4B6AC300CF3369 /* TrafficBotAppDelegate.h */ = {isa = PBXFileReference; fileEncoding = 4; lastKnownFileType = sourcecode.c.h; path = TrafficBotAppDelegate.h; sourceTree = "<group>"; };
		256AC3D90F4B6AC300CF3369 /* TrafficBotAppDelegate.m */ = {isa = PBXFileReference; fileEncoding = 4; lastKnownFileType = sourcecode.c.objc; lineEnding = 0; path = TrafficBotAppDelegate.m; sourceTree = "<group>"; xcLanguageSpecificationIdentifier = xcode.lang.objc; };
		256AC3F00F4B6AF500CF3369 /* TrafficBot_Prefix.pch */ = {isa = PBXFileReference; fileEncoding = 4; lastKnownFileType = sourcecode.c.h; path = TrafficBot_Prefix.pch; sourceTree = "<group>"; };
		29B97316FDCFA39411CA2CEA /* main.m */ = {isa = PBXFileReference; fileEncoding = 4; lastKnownFileType = sourcecode.c.objc; path = main.m; sourceTree = "<group>"; };
		29B97324FDCFA39411CA2CEA /* AppKit.framework */ = {isa = PBXFileReference; lastKnownFileType = wrapper.framework; name = AppKit.framework; path = /System/Library/Frameworks/AppKit.framework; sourceTree = "<absolute>"; };
		29B97325FDCFA39411CA2CEA /* Foundation.framework */ = {isa = PBXFileReference; lastKnownFileType = wrapper.framework; name = Foundation.framework; path = /System/Library/Frameworks/Foundation.framework; sourceTree = "<absolute>"; };
		8D1107310486CEB800E47090 /* TrafficBot-Info.plist */ = {isa = PBXFileReference; fileEncoding = 4; lastKnownFileType = text.plist.xml; path = "TrafficBot-Info.plist"; sourceTree = "<group>"; };
		8D1107320486CEB800E47090 /* TrafficBot.app */ = {isa = PBXFileReference; explicitFileType = wrapper.application; includeInIndex = 0; path = TrafficBot.app; sourceTree = BUILT_PRODUCTS_DIR; };
		B16F068B1275E53C00D13C0B /* TBPreferencesWindow.xib */ = {isa = PBXFileReference; lastKnownFileType = file.xib; path = TBPreferencesWindow.xib; sourceTree = "<group>"; };
		B16F069112760D4E00D13C0B /* TBStatusWindowController.h */ = {isa = PBXFileReference; fileEncoding = 4; lastKnownFileType = sourcecode.c.h; path = TBStatusWindowController.h; sourceTree = "<group>"; };
		B16F069212760D4E00D13C0B /* TBStatusWindowController.m */ = {isa = PBXFileReference; fileEncoding = 4; lastKnownFileType = sourcecode.c.objc; path = TBStatusWindowController.m; sourceTree = "<group>"; };
		B16F06A2127619A400D13C0B /* TBStatusItemController.h */ = {isa = PBXFileReference; fileEncoding = 4; lastKnownFileType = sourcecode.c.h; path = TBStatusItemController.h; sourceTree = "<group>"; };
		B16F06A3127619A400D13C0B /* TBStatusItemController.m */ = {isa = PBXFileReference; fileEncoding = 4; lastKnownFileType = sourcecode.c.objc; path = TBStatusItemController.m; sourceTree = "<group>"; };
		B16F06C51276211D00D13C0B /* TBStatusItemView.h */ = {isa = PBXFileReference; fileEncoding = 4; lastKnownFileType = sourcecode.c.h; path = TBStatusItemView.h; sourceTree = "<group>"; };
		B16F06C61276211D00D13C0B /* TBStatusItemView.m */ = {isa = PBXFileReference; fileEncoding = 4; lastKnownFileType = sourcecode.c.objc; path = TBStatusItemView.m; sourceTree = "<group>"; };
		B16F084812772C8200D13C0B /* MAAttachedWindow.h */ = {isa = PBXFileReference; fileEncoding = 4; lastKnownFileType = sourcecode.c.h; path = MAAttachedWindow.h; sourceTree = "<group>"; };
		B16F084912772C8200D13C0B /* MAAttachedWindow.m */ = {isa = PBXFileReference; fileEncoding = 4; lastKnownFileType = sourcecode.c.objc; path = MAAttachedWindow.m; sourceTree = "<group>"; };
		B16F08A51277636900D13C0B /* Carbon.framework */ = {isa = PBXFileReference; lastKnownFileType = wrapper.framework; name = Carbon.framework; path = System/Library/Frameworks/Carbon.framework; sourceTree = SDKROOT; };
		B16F0C401278708300D13C0B /* Gauge Pointer.png */ = {isa = PBXFileReference; lastKnownFileType = image.png; path = "Gauge Pointer.png"; sourceTree = "<group>"; };
		B16F0C411278708300D13C0B /* Gauge Face.png */ = {isa = PBXFileReference; lastKnownFileType = image.png; path = "Gauge Face.png"; sourceTree = "<group>"; };
		B16F0C441278709C00D13C0B /* AKGaugeView.h */ = {isa = PBXFileReference; fileEncoding = 4; lastKnownFileType = sourcecode.c.h; name = AKGaugeView.h; path = "Gauge View/AKGaugeView.h"; sourceTree = "<group>"; };
		B16F0C451278709C00D13C0B /* AKGaugeView.m */ = {isa = PBXFileReference; fileEncoding = 4; lastKnownFileType = sourcecode.c.objc; name = AKGaugeView.m; path = "Gauge View/AKGaugeView.m"; sourceTree = "<group>"; };
		B16F0E921278CE6B00D13C0B /* AKTrafficMonitorService.h */ = {isa = PBXFileReference; fileEncoding = 4; lastKnownFileType = sourcecode.c.h; path = AKTrafficMonitorService.h; sourceTree = "<group>"; };
		B16F0E931278CE6B00D13C0B /* AKTrafficMonitorService.m */ = {isa = PBXFileReference; fileEncoding = 4; lastKnownFileType = sourcecode.c.objc; lineEnding = 0; path = AKTrafficMonitorService.m; sourceTree = "<group>"; xcLanguageSpecificationIdentifier = xcode.lang.objc; };
		B16F0F141278FBAA00D13C0B /* Cog.png */ = {isa = PBXFileReference; lastKnownFileType = image.png; path = Cog.png; sourceTree = "<group>"; };
		B16F0F281278FD0F00D13C0B /* Dark Cog.png */ = {isa = PBXFileReference; lastKnownFileType = image.png; path = "Dark Cog.png"; sourceTree = "<group>"; };
		B16F0FB512798BEE00D13C0B /* DMCommonMacros.h */ = {isa = PBXFileReference; fileEncoding = 4; lastKnownFileType = sourcecode.c.h; path = DMCommonMacros.h; sourceTree = "<group>"; };
		B16F1088127A09D000D13C0B /* APDrawingCategories.h */ = {isa = PBXFileReference; fileEncoding = 4; lastKnownFileType = sourcecode.c.h; path = APDrawingCategories.h; sourceTree = "<group>"; };
		B16F1089127A09D000D13C0B /* APDrawingCategories.m */ = {isa = PBXFileReference; fileEncoding = 4; lastKnownFileType = sourcecode.c.objc; path = APDrawingCategories.m; sourceTree = "<group>"; };
		B1F44960127E195F0020735E /* TBPreferencesWindowController.h */ = {isa = PBXFileReference; fileEncoding = 4; lastKnownFileType = sourcecode.c.h; path = TBPreferencesWindowController.h; sourceTree = "<group>"; };
		B1F44961127E195F0020735E /* TBPreferencesWindowController.m */ = {isa = PBXFileReference; fileEncoding = 4; lastKnownFileType = sourcecode.c.objc; path = TBPreferencesWindowController.m; sourceTree = "<group>"; };
		B1F449AE127E352B0020735E /* NSWindow-NoodleEffects.h */ = {isa = PBXFileReference; fileEncoding = 4; lastKnownFileType = sourcecode.c.h; path = "NSWindow-NoodleEffects.h"; sourceTree = "<group>"; };
		B1F449AF127E352B0020735E /* NSWindow-NoodleEffects.m */ = {isa = PBXFileReference; fileEncoding = 4; lastKnownFileType = sourcecode.c.objc; path = "NSWindow-NoodleEffects.m"; sourceTree = "<group>"; };
		B1F44B50127F30530020735E /* Set Up Button.png */ = {isa = PBXFileReference; lastKnownFileType = image.png; path = "Set Up Button.png"; sourceTree = "<group>"; };
		B1F44B51127F30530020735E /* Set Up Button Pressed.png */ = {isa = PBXFileReference; lastKnownFileType = image.png; path = "Set Up Button Pressed.png"; sourceTree = "<group>"; };
		B500D93113C99CC000FD6D1C /* AKLandmark.h */ = {isa = PBXFileReference; fileEncoding = 4; lastKnownFileType = sourcecode.c.h; path = AKLandmark.h; sourceTree = "<group>"; };
		B500D93213C99CC000FD6D1C /* AKLandmark.m */ = {isa = PBXFileReference; fileEncoding = 4; lastKnownFileType = sourcecode.c.objc; path = AKLandmark.m; sourceTree = "<group>"; };
		B5518F571438D2F6002A433C /* BWQuincyMain.nib */ = {isa = PBXFileReference; lastKnownFileType = wrapper.nib; name = BWQuincyMain.nib; path = "Quincy Kit/client/Mac/BWQuincyMain.nib"; sourceTree = "<group>"; };
		B5518F581438D2F6002A433C /* BWQuincyManager.h */ = {isa = PBXFileReference; fileEncoding = 4; lastKnownFileType = sourcecode.c.h; name = BWQuincyManager.h; path = "Quincy Kit/client/Mac/BWQuincyManager.h"; sourceTree = "<group>"; };
		B5518F591438D2F6002A433C /* BWQuincyManager.m */ = {isa = PBXFileReference; fileEncoding = 4; lastKnownFileType = sourcecode.c.objc; name = BWQuincyManager.m; path = "Quincy Kit/client/Mac/BWQuincyManager.m"; sourceTree = "<group>"; };
		B552662313C721ED0037C39E /* AKLandmarkManager.h */ = {isa = PBXFileReference; fileEncoding = 4; lastKnownFileType = sourcecode.c.h; lineEnding = 0; path = AKLandmarkManager.h; sourceTree = "<group>"; xcLanguageSpecificationIdentifier = xcode.lang.objcpp; };
		B552662413C721ED0037C39E /* AKLandmarkManager.m */ = {isa = PBXFileReference; fileEncoding = 4; lastKnownFileType = sourcecode.c.objc; lineEnding = 0; path = AKLandmarkManager.m; sourceTree = "<group>"; xcLanguageSpecificationIdentifier = xcode.lang.objc; };
		B552662613C723820037C39E /* CoreLocation.framework */ = {isa = PBXFileReference; lastKnownFileType = wrapper.framework; name = CoreLocation.framework; path = System/Library/Frameworks/CoreLocation.framework; sourceTree = SDKROOT; };
		B567EC1413ED715200934E1E /* NSDate+AKCachedDateString.h */ = {isa = PBXFileReference; fileEncoding = 4; lastKnownFileType = sourcecode.c.h; name = "NSDate+AKCachedDateString.h"; path = "NSDate (AKCachedDateString)/NSDate+AKCachedDateString.h"; sourceTree = "<group>"; };
		B567EC1513ED715200934E1E /* NSDate+AKCachedDateString.m */ = {isa = PBXFileReference; fileEncoding = 4; lastKnownFileType = sourcecode.c.objc; name = "NSDate+AKCachedDateString.m"; path = "NSDate (AKCachedDateString)/NSDate+AKCachedDateString.m"; sourceTree = "<group>"; };
		B5795E761429E72A00D35F8E /* TrafficBotHelper.xcodeproj */ = {isa = PBXFileReference; lastKnownFileType = "wrapper.pb-project"; name = TrafficBotHelper.xcodeproj; path = TrafficBotHelper/TrafficBotHelper.xcodeproj; sourceTree = "<group>"; };
		B5795FEF142A0C5E00D35F8E /* TrafficBotHelperConnection.h */ = {isa = PBXFileReference; fileEncoding = 4; lastKnownFileType = sourcecode.c.h; name = TrafficBotHelperConnection.h; path = TrafficBotHelper/TrafficBotHelperDaemon/TrafficBotHelperConnection.h; sourceTree = "<group>"; };
		B5795FF3142A208600D35F8E /* TrafficBotHelperConnection.m */ = {isa = PBXFileReference; fileEncoding = 4; lastKnownFileType = sourcecode.c.objc; name = TrafficBotHelperConnection.m; path = TrafficBotHelper/TrafficBotHelperDaemon/TrafficBotHelperConnection.m; sourceTree = "<group>"; };
		B5795FF5142A24E400D35F8E /* AKOptimizationMacros.h */ = {isa = PBXFileReference; fileEncoding = 4; lastKnownFileType = sourcecode.c.h; path = AKOptimizationMacros.h; sourceTree = "<group>"; };
		B57E9E8913CF435400F76ED6 /* Help.png */ = {isa = PBXFileReference; lastKnownFileType = image.png; path = Help.png; sourceTree = "<group>"; };
		B581F7C913CA1D6000885FE8 /* AKAddLandmarkWindow.xib */ = {isa = PBXFileReference; fileEncoding = 4; lastKnownFileType = file.xib; name = AKAddLandmarkWindow.xib; path = "private-utilities/Landmark Manager/AKAddLandmarkWindow.xib"; sourceTree = "<group>"; };
		B581F7CC13CA1DCC00885FE8 /* AKAddLandmarkWindowController.h */ = {isa = PBXFileReference; fileEncoding = 4; lastKnownFileType = sourcecode.c.h; path = AKAddLandmarkWindowController.h; sourceTree = "<group>"; };
		B581F7CD13CA1DCC00885FE8 /* AKAddLandmarkWindowController.m */ = {isa = PBXFileReference; fileEncoding = 4; lastKnownFileType = sourcecode.c.objc; lineEnding = 0; path = AKAddLandmarkWindowController.m; sourceTree = "<group>"; xcLanguageSpecificationIdentifier = xcode.lang.objc; };
		B593C18613CD8049006D03B9 /* Maps.png */ = {isa = PBXFileReference; lastKnownFileType = image.png; path = Maps.png; sourceTree = "<group>"; };
		B5A1932B13D58A75006E6F40 /* Entitlements.entitlements */ = {isa = PBXFileReference; fileEncoding = 4; lastKnownFileType = text.xml; path = Entitlements.entitlements; sourceTree = "<group>"; };
		B5E35C0F142F533E00BC1734 /* Good16.png */ = {isa = PBXFileReference; lastKnownFileType = image.png; path = Good16.png; sourceTree = "<group>"; };
		B5E35C10142F533E00BC1734 /* Bad16.png */ = {isa = PBXFileReference; lastKnownFileType = image.png; path = Bad16.png; sourceTree = "<group>"; };
		DA049FBF12B8534600ECA24C /* Gauge Pressed.png */ = {isa = PBXFileReference; lastKnownFileType = image.png; path = "Gauge Pressed.png"; sourceTree = "<group>"; };
		DA049FC012B8534600ECA24C /* Gauge.png */ = {isa = PBXFileReference; lastKnownFileType = image.png; path = Gauge.png; sourceTree = "<group>"; };
		DA06937412BD9774008B1584 /* GVViewCollection.h */ = {isa = PBXFileReference; fileEncoding = 4; lastKnownFileType = sourcecode.c.h; path = GVViewCollection.h; sourceTree = "<group>"; };
		DA06937512BD9774008B1584 /* GVViewCollection.m */ = {isa = PBXFileReference; fileEncoding = 4; lastKnownFileType = sourcecode.c.objc; path = GVViewCollection.m; sourceTree = "<group>"; };
		DA0B21F91310325100F375B6 /* IOKit.framework */ = {isa = PBXFileReference; lastKnownFileType = wrapper.framework; name = IOKit.framework; path = System/Library/Frameworks/IOKit.framework; sourceTree = SDKROOT; };
		DA0B21FD1310325B00F375B6 /* Security.framework */ = {isa = PBXFileReference; lastKnownFileType = wrapper.framework; name = Security.framework; path = System/Library/Frameworks/Security.framework; sourceTree = SDKROOT; };
		DA0B22011310326700F375B6 /* libcrypto.dylib */ = {isa = PBXFileReference; lastKnownFileType = "compiled.mach-o.dylib"; name = libcrypto.dylib; path = usr/lib/libcrypto.dylib; sourceTree = SDKROOT; };
		DA0B22031310328800F375B6 /* NPReceiptVerification.h */ = {isa = PBXFileReference; fileEncoding = 4; lastKnownFileType = sourcecode.c.h; path = NPReceiptVerification.h; sourceTree = "<group>"; };
		DA0B22041310328800F375B6 /* NPReceiptVerification.m */ = {isa = PBXFileReference; fileEncoding = 4; lastKnownFileType = sourcecode.c.objc; path = NPReceiptVerification.m; sourceTree = "<group>"; };
		DA19893A12B459FD00D64DD7 /* TBGraphView.h */ = {isa = PBXFileReference; fileEncoding = 4; lastKnownFileType = sourcecode.c.h; path = TBGraphView.h; sourceTree = "<group>"; };
		DA19893B12B459FD00D64DD7 /* TBGraphView.m */ = {isa = PBXFileReference; fileEncoding = 4; lastKnownFileType = sourcecode.c.objc; path = TBGraphView.m; sourceTree = "<group>"; };
		DA19893C12B459FD00D64DD7 /* GVDescriptionWindow.h */ = {isa = PBXFileReference; fileEncoding = 4; lastKnownFileType = sourcecode.c.h; path = GVDescriptionWindow.h; sourceTree = "<group>"; };
		DA19893D12B459FD00D64DD7 /* GVDescriptionWindow.m */ = {isa = PBXFileReference; fileEncoding = 4; lastKnownFileType = sourcecode.c.objc; path = GVDescriptionWindow.m; sourceTree = "<group>"; };
		DA19897A12B45BDA00D64DD7 /* AKBytesFormatter.h */ = {isa = PBXFileReference; fileEncoding = 4; lastKnownFileType = sourcecode.c.h; path = AKBytesFormatter.h; sourceTree = "<group>"; };
		DA19897B12B45BDA00D64DD7 /* AKBytesFormatter.m */ = {isa = PBXFileReference; fileEncoding = 4; lastKnownFileType = sourcecode.c.objc; path = AKBytesFormatter.m; sourceTree = "<group>"; };
		DA198D5412B6B41A00D64DD7 /* TBGraphWindow.xib */ = {isa = PBXFileReference; lastKnownFileType = file.xib; path = TBGraphWindow.xib; sourceTree = "<group>"; };
		DA198D5A12B6B47E00D64DD7 /* TBGraphWindowController.h */ = {isa = PBXFileReference; fileEncoding = 4; lastKnownFileType = sourcecode.c.h; path = TBGraphWindowController.h; sourceTree = "<group>"; };
		DA198D5B12B6B47E00D64DD7 /* TBGraphWindowController.m */ = {isa = PBXFileReference; fileEncoding = 4; lastKnownFileType = sourcecode.c.objc; path = TBGraphWindowController.m; sourceTree = "<group>"; };
		DA4BE76812AC8CDF0070618E /* LaunchAtLoginController.h */ = {isa = PBXFileReference; fileEncoding = 4; lastKnownFileType = sourcecode.c.h; path = LaunchAtLoginController.h; sourceTree = "<group>"; };
		DA4BE76912AC8CDF0070618E /* LaunchAtLoginController.m */ = {isa = PBXFileReference; fileEncoding = 4; lastKnownFileType = sourcecode.c.objc; path = LaunchAtLoginController.m; sourceTree = "<group>"; };
		DA4BE80012AD786B0070618E /* AKDebugMacros.h */ = {isa = PBXFileReference; fileEncoding = 4; lastKnownFileType = sourcecode.c.h; path = AKDebugMacros.h; sourceTree = "<group>"; xcLanguageSpecificationIdentifier = xcode.lang.objcpp; };
		DA4BE83612AD85380070618E /* AKUKHelperMacros.h */ = {isa = PBXFileReference; fileEncoding = 4; lastKnownFileType = sourcecode.c.h; path = AKUKHelperMacros.h; sourceTree = "<group>"; };
		DA4BEBB912B0485B0070618E /* AKScopeReleased.h */ = {isa = PBXFileReference; fileEncoding = 4; lastKnownFileType = sourcecode.c.h; path = AKScopeReleased.h; sourceTree = "<group>"; };
		DA4BF12112B2930C0070618E /* NSWindow+AKFlip.h */ = {isa = PBXFileReference; fileEncoding = 4; lastKnownFileType = sourcecode.c.h; path = "NSWindow+AKFlip.h"; sourceTree = "<group>"; };
		DA4BF12212B2930C0070618E /* NSWindow+AKFlip.m */ = {isa = PBXFileReference; fileEncoding = 4; lastKnownFileType = sourcecode.c.objc; path = "NSWindow+AKFlip.m"; sourceTree = "<group>"; };
		DA4BF13A12B29EFE0070618E /* QuartzCore.framework */ = {isa = PBXFileReference; lastKnownFileType = wrapper.framework; name = QuartzCore.framework; path = System/Library/Frameworks/QuartzCore.framework; sourceTree = SDKROOT; };
		DA66D91D12EB511D0065454C /* AKSummaryView.h */ = {isa = PBXFileReference; fileEncoding = 4; lastKnownFileType = sourcecode.c.h; path = AKSummaryView.h; sourceTree = "<group>"; };
		DA66D91E12EB511D0065454C /* AKSummaryView.m */ = {isa = PBXFileReference; fileEncoding = 4; lastKnownFileType = sourcecode.c.objc; path = AKSummaryView.m; sourceTree = "<group>"; };
		DA66D92612EB52030065454C /* TBSummaryGenerator.h */ = {isa = PBXFileReference; fileEncoding = 4; lastKnownFileType = sourcecode.c.h; path = TBSummaryGenerator.h; sourceTree = "<group>"; };
		DA66D92712EB52030065454C /* TBSummaryGenerator.m */ = {isa = PBXFileReference; fileEncoding = 4; lastKnownFileType = sourcecode.c.objc; path = TBSummaryGenerator.m; sourceTree = "<group>"; };
		DA66DAA412EB737C0065454C /* Caution.png */ = {isa = PBXFileReference; lastKnownFileType = image.png; path = Caution.png; sourceTree = "<group>"; };
		DA66DB2A12EBE0A60065454C /* Icon.icns */ = {isa = PBXFileReference; lastKnownFileType = image.icns; path = Icon.icns; sourceTree = "<group>"; };
		DA66DB3712ECA0490065454C /* Hint.png */ = {isa = PBXFileReference; lastKnownFileType = image.png; path = Hint.png; sourceTree = "<group>"; };
		DA66DBFE12ECAEDB0065454C /* Credits.rtf */ = {isa = PBXFileReference; lastKnownFileType = text.rtf; path = Credits.rtf; sourceTree = "<group>"; };
		DA69338412F76FC40052DEC6 /* Sleep Mac.scpt */ = {isa = PBXFileReference; fileEncoding = 4; lastKnownFileType = file; path = "Sleep Mac.scpt"; sourceTree = "<group>"; };
		DA6D3BE012B959D0003D5F61 /* TBStatusWindow.xib */ = {isa = PBXFileReference; lastKnownFileType = file.xib; path = TBStatusWindow.xib; sourceTree = "<group>"; };
		DAB7E22412E2408E006ED7C8 /* TBSetupView.h */ = {isa = PBXFileReference; fileEncoding = 4; lastKnownFileType = sourcecode.c.h; path = TBSetupView.h; sourceTree = "<group>"; };
		DAB7E22512E2408E006ED7C8 /* TBSetupView.m */ = {isa = PBXFileReference; fileEncoding = 4; lastKnownFileType = sourcecode.c.objc; path = TBSetupView.m; sourceTree = "<group>"; };
		DAB7E48112E34B0B006ED7C8 /* TBFirstLaunchWindowController.h */ = {isa = PBXFileReference; fileEncoding = 4; lastKnownFileType = sourcecode.c.h; path = TBFirstLaunchWindowController.h; sourceTree = "<group>"; };
		DAB7E48212E34B0B006ED7C8 /* TBFirstLaunchWindowController.m */ = {isa = PBXFileReference; fileEncoding = 4; lastKnownFileType = sourcecode.c.objc; path = TBFirstLaunchWindowController.m; sourceTree = "<group>"; };
		DAB7E48512E34B4D006ED7C8 /* TBFirstLaunchWindow.xib */ = {isa = PBXFileReference; lastKnownFileType = file.xib; path = TBFirstLaunchWindow.xib; sourceTree = "<group>"; };
		DAB7E78A12E3E06E006ED7C8 /* Growl.framework */ = {isa = PBXFileReference; lastKnownFileType = wrapper.framework; path = Growl.framework; sourceTree = "<group>"; };
		DAB7EB8512E8FD8B006ED7C8 /* Graph Button Pressed.png */ = {isa = PBXFileReference; lastKnownFileType = image.png; path = "Graph Button Pressed.png"; sourceTree = "<group>"; };
		DAB7EB8612E8FD8B006ED7C8 /* Graph Button.png */ = {isa = PBXFileReference; lastKnownFileType = image.png; path = "Graph Button.png"; sourceTree = "<group>"; };
		DAB7EC2912E904BA006ED7C8 /* GraphWindowBackground.png */ = {isa = PBXFileReference; lastKnownFileType = image.png; path = GraphWindowBackground.png; sourceTree = "<group>"; };
		DABEB80013480C4100063B84 /* NSFont+AKFallback.h */ = {isa = PBXFileReference; fileEncoding = 4; lastKnownFileType = sourcecode.c.h; name = "NSFont+AKFallback.h"; path = "NSFont (AKFallBack)/NSFont+AKFallback.h"; sourceTree = "<group>"; };
		DABEB80113480C4100063B84 /* NSFont+AKFallback.m */ = {isa = PBXFileReference; fileEncoding = 4; lastKnownFileType = sourcecode.c.objc; name = "NSFont+AKFallback.m"; path = "NSFont (AKFallBack)/NSFont+AKFallback.m"; sourceTree = "<group>"; };
		DABFB45B129F21AB00AE41FF /* Monitor.png */ = {isa = PBXFileReference; lastKnownFileType = image.png; path = Monitor.png; sourceTree = "<group>"; };
		DABFB4AF129F2CF100AE41FF /* TBDefaults.plist */ = {isa = PBXFileReference; lastKnownFileType = file.bplist; path = TBDefaults.plist; sourceTree = "<group>"; };
		DABFB4D512A0421A00AE41FF /* NSDate+AKMidnight.h */ = {isa = PBXFileReference; fileEncoding = 4; lastKnownFileType = sourcecode.c.h; path = "NSDate+AKMidnight.h"; sourceTree = "<group>"; };
		DABFB4D612A0421A00AE41FF /* NSDate+AKMidnight.m */ = {isa = PBXFileReference; fileEncoding = 4; lastKnownFileType = sourcecode.c.objc; path = "NSDate+AKMidnight.m"; sourceTree = "<group>"; };
/* End PBXFileReference section */

/* Begin PBXFrameworksBuildPhase section */
		8D11072E0486CEB800E47090 /* Frameworks */ = {
			isa = PBXFrameworksBuildPhase;
			buildActionMask = 2147483647;
			files = (
				B552662713C723820037C39E /* CoreLocation.framework in Frameworks */,
				8D11072F0486CEB800E47090 /* Cocoa.framework in Frameworks */,
				B16F08A61277636900D13C0B /* Carbon.framework in Frameworks */,
				DA4BF13B12B29EFE0070618E /* QuartzCore.framework in Frameworks */,
				DAB7E78C12E3E06E006ED7C8 /* Growl.framework in Frameworks */,
				DA0B21FA1310325100F375B6 /* IOKit.framework in Frameworks */,
				DA0B21FE1310325B00F375B6 /* Security.framework in Frameworks */,
				DA0B22021310326700F375B6 /* libcrypto.dylib in Frameworks */,
			);
			runOnlyForDeploymentPostprocessing = 0;
		};
/* End PBXFrameworksBuildPhase section */

/* Begin PBXGroup section */
		080E96DDFE201D6D7F000001 /* Classes */ = {
			isa = PBXGroup;
			children = (
				B1F449B4127E35460020735E /* App Delegate */,
				B16F069F12760E6000D13C0B /* UI */,
				B16F0867127749C200D13C0B /* Core Services */,
				B1F44A5D127F031B0020735E /* Utilities */,
			);
			name = Classes;
			sourceTree = "<group>";
		};
		1058C7A0FEA54F0111CA2CBB /* Linked Frameworks */ = {
			isa = PBXGroup;
			children = (
				B552662613C723820037C39E /* CoreLocation.framework */,
				DAB7E78A12E3E06E006ED7C8 /* Growl.framework */,
				DA4BF13A12B29EFE0070618E /* QuartzCore.framework */,
				B16F08A51277636900D13C0B /* Carbon.framework */,
				1058C7A1FEA54F0111CA2CBB /* Cocoa.framework */,
				DA0B21F91310325100F375B6 /* IOKit.framework */,
				DA0B21FD1310325B00F375B6 /* Security.framework */,
				DA0B22011310326700F375B6 /* libcrypto.dylib */,
			);
			name = "Linked Frameworks";
			sourceTree = "<group>";
		};
		1058C7A2FEA54F0111CA2CBB /* Other Frameworks */ = {
			isa = PBXGroup;
			children = (
				29B97324FDCFA39411CA2CEA /* AppKit.framework */,
				13E42FB307B3F0F600E4EEF1 /* CoreData.framework */,
				29B97325FDCFA39411CA2CEA /* Foundation.framework */,
			);
			name = "Other Frameworks";
			sourceTree = "<group>";
		};
		19C28FACFE9D520D11CA2CBB /* Products */ = {
			isa = PBXGroup;
			children = (
				8D1107320486CEB800E47090 /* TrafficBot.app */,
			);
			name = Products;
			sourceTree = "<group>";
		};
		29B97314FDCFA39411CA2CEA /* TrafficBot */ = {
			isa = PBXGroup;
			children = (
				080E96DDFE201D6D7F000001 /* Classes */,
				29B97315FDCFA39411CA2CEA /* Other Sources */,
				29B97317FDCFA39411CA2CEA /* Resources */,
				29B97323FDCFA39411CA2CEA /* Frameworks */,
				19C28FACFE9D520D11CA2CBB /* Products */,
			);
			name = TrafficBot;
			sourceTree = "<group>";
		};
		29B97315FDCFA39411CA2CEA /* Other Sources */ = {
			isa = PBXGroup;
			children = (
				DA0B22031310328800F375B6 /* NPReceiptVerification.h */,
				DA0B22041310328800F375B6 /* NPReceiptVerification.m */,
				256AC3F00F4B6AF500CF3369 /* TrafficBot_Prefix.pch */,
				29B97316FDCFA39411CA2CEA /* main.m */,
			);
			name = "Other Sources";
			sourceTree = "<group>";
		};
		29B97317FDCFA39411CA2CEA /* Resources */ = {
			isa = PBXGroup;
			children = (
				B5A1932B13D58A75006E6F40 /* Entitlements.entitlements */,
				DABFB4AF129F2CF100AE41FF /* TBDefaults.plist */,
				DA69338412F76FC40052DEC6 /* Sleep Mac.scpt */,
				B16F0C3F1278705600D13C0B /* Images */,
				8D1107310486CEB800E47090 /* TrafficBot-Info.plist */,
				DA66DBFE12ECAEDB0065454C /* Credits.rtf */,
				089C165CFE840E0CC02AAC07 /* InfoPlist.strings */,
				DAB7E48412E34B1E006ED7C8 /* Nibs */,
			);
			name = Resources;
			sourceTree = "<group>";
		};
		29B97323FDCFA39411CA2CEA /* Frameworks */ = {
			isa = PBXGroup;
			children = (
				1058C7A0FEA54F0111CA2CBB /* Linked Frameworks */,
				1058C7A2FEA54F0111CA2CBB /* Other Frameworks */,
			);
			name = Frameworks;
			sourceTree = "<group>";
		};
		B1063270127FAABF0041B919 /* Preferences Window */ = {
			isa = PBXGroup;
			children = (
				B5E35C0F142F533E00BC1734 /* Good16.png */,
				B5E35C10142F533E00BC1734 /* Bad16.png */,
				DA66DAA412EB737C0065454C /* Caution.png */,
				B57E9E8913CF435400F76ED6 /* Help.png */,
				DA66DB3712ECA0490065454C /* Hint.png */,
				B593C18613CD8049006D03B9 /* Maps.png */,
				DABFB45B129F21AB00AE41FF /* Monitor.png */,
			);
			name = "Preferences Window";
			sourceTree = "<group>";
		};
		B16F069F12760E6000D13C0B /* UI */ = {
			isa = PBXGroup;
			children = (
				B16F06A01276197700D13C0B /* Status Item */,
				B16F06A11276198600D13C0B /* Status Window */,
				DAB7E48012E34ACE006ED7C8 /* First Launch Window */,
				DA198A8512B55C9100D64DD7 /* Graph Window */,
				B1F44958127E191B0020735E /* Preferences Window */,
				DAB7E22312E24035006ED7C8 /* Setup View */,
			);
			name = UI;
			sourceTree = "<group>";
		};
		B16F06A01276197700D13C0B /* Status Item */ = {
			isa = PBXGroup;
			children = (
				B16F06A2127619A400D13C0B /* TBStatusItemController.h */,
				B16F06A3127619A400D13C0B /* TBStatusItemController.m */,
				DAB7F08112EB33EE006ED7C8 /* Gauge Icon View */,
			);
			name = "Status Item";
			sourceTree = "<group>";
		};
		B16F06A11276198600D13C0B /* Status Window */ = {
			isa = PBXGroup;
			children = (
				B16F069112760D4E00D13C0B /* TBStatusWindowController.h */,
				B16F069212760D4E00D13C0B /* TBStatusWindowController.m */,
				B16F0C3E1278704900D13C0B /* Gauge View */,
			);
			name = "Status Window";
			sourceTree = "<group>";
		};
		B16F0867127749C200D13C0B /* Core Services */ = {
			isa = PBXGroup;
			children = (
				B552662113C721510037C39E /* Landmark Manager */,
				B5795E761429E72A00D35F8E /* TrafficBotHelper.xcodeproj */,
				B16F0E911278CE4700D13C0B /* Traffic Monitor Notification Service */,
				DA19897E12B45BDE00D64DD7 /* Bytes Formatter */,
			);
			name = "Core Services";
			sourceTree = "<group>";
		};
		B16F0C3E1278704900D13C0B /* Gauge View */ = {
			isa = PBXGroup;
			children = (
				B16F0C441278709C00D13C0B /* AKGaugeView.h */,
				B16F0C451278709C00D13C0B /* AKGaugeView.m */,
			);
			name = "Gauge View";
			path = "private-utilities";
			sourceTree = "<group>";
		};
		B16F0C3F1278705600D13C0B /* Images */ = {
			isa = PBXGroup;
			children = (
				DA66DB2A12EBE0A60065454C /* Icon.icns */,
				DAB7EC2912E904BA006ED7C8 /* GraphWindowBackground.png */,
				B1063270127FAABF0041B919 /* Preferences Window */,
				B16F0C611278770500D13C0B /* Status View */,
			);
			path = Images;
			sourceTree = "<group>";
		};
		B16F0C611278770500D13C0B /* Status View */ = {
			isa = PBXGroup;
			children = (
				DA4BE81312AD7DC00070618E /* Gauge View */,
				B1F44B51127F30530020735E /* Set Up Button Pressed.png */,
				B1F44B50127F30530020735E /* Set Up Button.png */,
				B16F0F281278FD0F00D13C0B /* Dark Cog.png */,
				B16F0F141278FBAA00D13C0B /* Cog.png */,
				DAB7EB8512E8FD8B006ED7C8 /* Graph Button Pressed.png */,
				DAB7EB8612E8FD8B006ED7C8 /* Graph Button.png */,
				DA049FBF12B8534600ECA24C /* Gauge Pressed.png */,
				DA049FC012B8534600ECA24C /* Gauge.png */,
			);
			name = "Status View";
			sourceTree = "<group>";
		};
		B16F0E911278CE4700D13C0B /* Traffic Monitor Notification Service */ = {
			isa = PBXGroup;
			children = (
				B5795FEF142A0C5E00D35F8E /* TrafficBotHelperConnection.h */,
				B5795FF3142A208600D35F8E /* TrafficBotHelperConnection.m */,
				B16F0E921278CE6B00D13C0B /* AKTrafficMonitorService.h */,
				B16F0E931278CE6B00D13C0B /* AKTrafficMonitorService.m */,
			);
			name = "Traffic Monitor Notification Service";
			sourceTree = "<group>";
		};
		B16F1087127A09B600D13C0B /* Drawing */ = {
			isa = PBXGroup;
			children = (
				B16F1088127A09D000D13C0B /* APDrawingCategories.h */,
				B16F1089127A09D000D13C0B /* APDrawingCategories.m */,
			);
			name = Drawing;
			path = "Drawing Categories";
			sourceTree = "<group>";
		};
		B1F44958127E191B0020735E /* Preferences Window */ = {
			isa = PBXGroup;
			children = (
				B1F44960127E195F0020735E /* TBPreferencesWindowController.h */,
				B1F44961127E195F0020735E /* TBPreferencesWindowController.m */,
				DA66D92612EB52030065454C /* TBSummaryGenerator.h */,
				DA66D92712EB52030065454C /* TBSummaryGenerator.m */,
				DA66D91B12EB51040065454C /* Summary View */,
			);
			name = "Preferences Window";
			sourceTree = "<group>";
		};
		B1F449B4127E35460020735E /* App Delegate */ = {
			isa = PBXGroup;
			children = (
				256AC3D80F4B6AC300CF3369 /* TrafficBotAppDelegate.h */,
				256AC3D90F4B6AC300CF3369 /* TrafficBotAppDelegate.m */,
			);
			name = "App Delegate";
			sourceTree = "<group>";
		};
		B1F449B5127E356F0020735E /* NSWindow+NoodleEffects */ = {
			isa = PBXGroup;
			children = (
				B1F449AE127E352B0020735E /* NSWindow-NoodleEffects.h */,
				B1F449AF127E352B0020735E /* NSWindow-NoodleEffects.m */,
			);
			name = "NSWindow+NoodleEffects";
			path = NoodleKit;
			sourceTree = "<group>";
		};
		B1F44A5D127F031B0020735E /* Utilities */ = {
			isa = PBXGroup;
			children = (
				B5A7AEF213C43DA50058EC62 /* Macros */,
				DABEB7FF13480C0E00063B84 /* NSFont (AKFallback) */,
				DA4BE75E12AC8CAD0070618E /* Launch At Login Controller */,
				DAFADFAC12AB24B50027CEE8 /* Attached Window */,
				DABFB4D412A041E100AE41FF /* NSDate (AKMidnight) */,
				B567EC1713ED715600934E1E /* NSDate (AKCachedDateString) */,
				DA4BF12712B2962F0070618E /* NSWindow (AKFlip) */,
				B1F449B5127E356F0020735E /* NSWindow+NoodleEffects */,
				B16F1087127A09B600D13C0B /* Drawing */,
				B5518F5C1438D2FE002A433C /* Quincy Kit */,
			);
			name = Utilities;
			path = "Cocoa-Utilities";
			sourceTree = "<group>";
		};
		B5518F5C1438D2FE002A433C /* Quincy Kit */ = {
			isa = PBXGroup;
			children = (
				B5518F571438D2F6002A433C /* BWQuincyMain.nib */,
				B5518F581438D2F6002A433C /* BWQuincyManager.h */,
				B5518F591438D2F6002A433C /* BWQuincyManager.m */,
			);
			name = "Quincy Kit";
			sourceTree = "<group>";
		};
		B552662113C721510037C39E /* Landmark Manager */ = {
			isa = PBXGroup;
			children = (
				B552662313C721ED0037C39E /* AKLandmarkManager.h */,
				B552662413C721ED0037C39E /* AKLandmarkManager.m */,
				B500D93113C99CC000FD6D1C /* AKLandmark.h */,
				B500D93213C99CC000FD6D1C /* AKLandmark.m */,
				B581F7CC13CA1DCC00885FE8 /* AKAddLandmarkWindowController.h */,
				B581F7CD13CA1DCC00885FE8 /* AKAddLandmarkWindowController.m */,
			);
			name = "Landmark Manager";
			path = "private-utilities/Landmark Manager";
			sourceTree = "<group>";
		};
		B567EC1713ED715600934E1E /* NSDate (AKCachedDateString) */ = {
			isa = PBXGroup;
			children = (
				B567EC1413ED715200934E1E /* NSDate+AKCachedDateString.h */,
				B567EC1513ED715200934E1E /* NSDate+AKCachedDateString.m */,
			);
			name = "NSDate (AKCachedDateString)";
			sourceTree = "<group>";
		};
		B5795FDF1429EC8F00D35F8E /* Products */ = {
			isa = PBXGroup;
			children = (
				B5795FE41429EC8F00D35F8E /* TrafficBotHelper.app */,
				B525B14514305DFC00E8C985 /* TrafficBotHelperDaemon */,
				B525B14714305DFC00E8C985 /* TrafficBotHelperInstaller */,
				B525B14914305DFC00E8C985 /* TrafficBotHelperTester */,
			);
			name = Products;
			sourceTree = "<group>";
		};
		B5A7AEF213C43DA50058EC62 /* Macros */ = {
			isa = PBXGroup;
			children = (
				DA4BE80012AD786B0070618E /* AKDebugMacros.h */,
				DA4BEBB912B0485B0070618E /* AKScopeReleased.h */,
				B5795FF5142A24E400D35F8E /* AKOptimizationMacros.h */,
				B16F0FB512798BEE00D13C0B /* DMCommonMacros.h */,
				DA4BE83612AD85380070618E /* AKUKHelperMacros.h */,
			);
			path = Macros;
			sourceTree = "<group>";
		};
		DA19893912B459F200D64DD7 /* Graph View */ = {
			isa = PBXGroup;
			children = (
				DA19893A12B459FD00D64DD7 /* TBGraphView.h */,
				DA19893B12B459FD00D64DD7 /* TBGraphView.m */,
				DA06937412BD9774008B1584 /* GVViewCollection.h */,
				DA06937512BD9774008B1584 /* GVViewCollection.m */,
				DA19893C12B459FD00D64DD7 /* GVDescriptionWindow.h */,
				DA19893D12B459FD00D64DD7 /* GVDescriptionWindow.m */,
			);
			name = "Graph View";
			sourceTree = "<group>";
		};
		DA19897E12B45BDE00D64DD7 /* Bytes Formatter */ = {
			isa = PBXGroup;
			children = (
				DA19897A12B45BDA00D64DD7 /* AKBytesFormatter.h */,
				DA19897B12B45BDA00D64DD7 /* AKBytesFormatter.m */,
			);
			name = "Bytes Formatter";
			sourceTree = "<group>";
		};
		DA198A8512B55C9100D64DD7 /* Graph Window */ = {
			isa = PBXGroup;
			children = (
				DA198D5A12B6B47E00D64DD7 /* TBGraphWindowController.h */,
				DA198D5B12B6B47E00D64DD7 /* TBGraphWindowController.m */,
				DA19893912B459F200D64DD7 /* Graph View */,
			);
			name = "Graph Window";
			sourceTree = "<group>";
		};
		DA4BE75E12AC8CAD0070618E /* Launch At Login Controller */ = {
			isa = PBXGroup;
			children = (
				DA4BE76812AC8CDF0070618E /* LaunchAtLoginController.h */,
				DA4BE76912AC8CDF0070618E /* LaunchAtLoginController.m */,
			);
			name = "Launch At Login Controller";
			path = LaunchAtLoginController;
			sourceTree = "<group>";
		};
		DA4BE81312AD7DC00070618E /* Gauge View */ = {
			isa = PBXGroup;
			children = (
				B16F0C401278708300D13C0B /* Gauge Pointer.png */,
				B16F0C411278708300D13C0B /* Gauge Face.png */,
			);
			name = "Gauge View";
			path = "private-utilities/Gauge View";
			sourceTree = SOURCE_ROOT;
		};
		DA4BF12712B2962F0070618E /* NSWindow (AKFlip) */ = {
			isa = PBXGroup;
			children = (
				DA4BF12112B2930C0070618E /* NSWindow+AKFlip.h */,
				DA4BF12212B2930C0070618E /* NSWindow+AKFlip.m */,
			);
			path = "NSWindow (AKFlip)";
			sourceTree = "<group>";
		};
		DA66D91B12EB51040065454C /* Summary View */ = {
			isa = PBXGroup;
			children = (
				DA66D91D12EB511D0065454C /* AKSummaryView.h */,
				DA66D91E12EB511D0065454C /* AKSummaryView.m */,
			);
			name = "Summary View";
			path = "private-utilities/Summary View";
			sourceTree = "<group>";
		};
		DAB7E22312E24035006ED7C8 /* Setup View */ = {
			isa = PBXGroup;
			children = (
				DAB7E22412E2408E006ED7C8 /* TBSetupView.h */,
				DAB7E22512E2408E006ED7C8 /* TBSetupView.m */,
			);
			name = "Setup View";
			sourceTree = "<group>";
		};
		DAB7E48012E34ACE006ED7C8 /* First Launch Window */ = {
			isa = PBXGroup;
			children = (
				DAB7E48112E34B0B006ED7C8 /* TBFirstLaunchWindowController.h */,
				DAB7E48212E34B0B006ED7C8 /* TBFirstLaunchWindowController.m */,
			);
			name = "First Launch Window";
			sourceTree = "<group>";
		};
		DAB7E48412E34B1E006ED7C8 /* Nibs */ = {
			isa = PBXGroup;
			children = (
				1DDD58140DA1D0A300B32029 /* TBMainMenu.xib */,
				DA6D3BE012B959D0003D5F61 /* TBStatusWindow.xib */,
				DA198D5412B6B41A00D64DD7 /* TBGraphWindow.xib */,
				B16F068B1275E53C00D13C0B /* TBPreferencesWindow.xib */,
				DAB7E48512E34B4D006ED7C8 /* TBFirstLaunchWindow.xib */,
				B581F7C913CA1D6000885FE8 /* AKAddLandmarkWindow.xib */,
			);
			name = Nibs;
			sourceTree = "<group>";
		};
		DAB7F08112EB33EE006ED7C8 /* Gauge Icon View */ = {
			isa = PBXGroup;
			children = (
				B16F06C51276211D00D13C0B /* TBStatusItemView.h */,
				B16F06C61276211D00D13C0B /* TBStatusItemView.m */,
			);
			name = "Gauge Icon View";
			sourceTree = "<group>";
		};
		DABEB7FF13480C0E00063B84 /* NSFont (AKFallback) */ = {
			isa = PBXGroup;
			children = (
				DABEB80013480C4100063B84 /* NSFont+AKFallback.h */,
				DABEB80113480C4100063B84 /* NSFont+AKFallback.m */,
			);
			name = "NSFont (AKFallback)";
			sourceTree = "<group>";
		};
		DABFB4D412A041E100AE41FF /* NSDate (AKMidnight) */ = {
			isa = PBXGroup;
			children = (
				DABFB4D512A0421A00AE41FF /* NSDate+AKMidnight.h */,
				DABFB4D612A0421A00AE41FF /* NSDate+AKMidnight.m */,
			);
			path = "NSDate (AKMidnight)";
			sourceTree = "<group>";
		};
		DAFADFAC12AB24B50027CEE8 /* Attached Window */ = {
			isa = PBXGroup;
			children = (
				B16F084812772C8200D13C0B /* MAAttachedWindow.h */,
				B16F084912772C8200D13C0B /* MAAttachedWindow.m */,
			);
			path = "Attached Window";
			sourceTree = "<group>";
		};
/* End PBXGroup section */

/* Begin PBXNativeTarget section */
		8D1107260486CEB800E47090 /* TrafficBot */ = {
			isa = PBXNativeTarget;
			buildConfigurationList = C01FCF4A08A954540054247B /* Build configuration list for PBXNativeTarget "TrafficBot" */;
			buildPhases = (
				8D1107290486CEB800E47090 /* Resources */,
				DAB7E70612E3D5BB006ED7C8 /* Copy Libraries */,
				8D11072C0486CEB800E47090 /* Sources */,
				8D11072E0486CEB800E47090 /* Frameworks */,
			);
			buildRules = (
			);
			dependencies = (
			);
			name = TrafficBot;
			productInstallPath = "$(HOME)/Applications";
			productName = TrafficBot;
			productReference = 8D1107320486CEB800E47090 /* TrafficBot.app */;
			productType = "com.apple.product-type.application";
		};
/* End PBXNativeTarget section */

/* Begin PBXProject section */
		29B97313FDCFA39411CA2CEA /* Project object */ = {
			isa = PBXProject;
			attributes = {
				LastUpgradeCheck = 0410;
			};
			buildConfigurationList = C01FCF4E08A954540054247B /* Build configuration list for PBXProject "TrafficBot" */;
			compatibilityVersion = "Xcode 3.2";
			developmentRegion = English;
			hasScannedForEncodings = 1;
			knownRegions = (
				English,
				Japanese,
				French,
				German,
				en,
			);
			mainGroup = 29B97314FDCFA39411CA2CEA /* TrafficBot */;
			projectDirPath = "";
			projectReferences = (
				{
					ProductGroup = B5795FDF1429EC8F00D35F8E /* Products */;
					ProjectRef = B5795E761429E72A00D35F8E /* TrafficBotHelper.xcodeproj */;
				},
			);
			projectRoot = "";
			targets = (
				8D1107260486CEB800E47090 /* TrafficBot */,
			);
		};
/* End PBXProject section */

/* Begin PBXReferenceProxy section */
		B525B14514305DFC00E8C985 /* TrafficBotHelperDaemon */ = {
			isa = PBXReferenceProxy;
			fileType = "compiled.mach-o.executable";
			path = TrafficBotHelperDaemon;
			remoteRef = B525B14414305DFC00E8C985 /* PBXContainerItemProxy */;
			sourceTree = BUILT_PRODUCTS_DIR;
		};
		B525B14714305DFC00E8C985 /* TrafficBotHelperInstaller */ = {
			isa = PBXReferenceProxy;
			fileType = "compiled.mach-o.executable";
			path = TrafficBotHelperInstaller;
			remoteRef = B525B14614305DFC00E8C985 /* PBXContainerItemProxy */;
			sourceTree = BUILT_PRODUCTS_DIR;
		};
		B525B14914305DFC00E8C985 /* TrafficBotHelperTester */ = {
			isa = PBXReferenceProxy;
			fileType = "compiled.mach-o.executable";
			path = TrafficBotHelperTester;
			remoteRef = B525B14814305DFC00E8C985 /* PBXContainerItemProxy */;
			sourceTree = BUILT_PRODUCTS_DIR;
		};
		B5795FE41429EC8F00D35F8E /* TrafficBotHelper.app */ = {
			isa = PBXReferenceProxy;
			fileType = wrapper.application;
			path = TrafficBotHelper.app;
			remoteRef = B5795FE31429EC8F00D35F8E /* PBXContainerItemProxy */;
			sourceTree = BUILT_PRODUCTS_DIR;
		};
/* End PBXReferenceProxy section */

/* Begin PBXResourcesBuildPhase section */
		8D1107290486CEB800E47090 /* Resources */ = {
			isa = PBXResourcesBuildPhase;
			buildActionMask = 2147483647;
			files = (
				DA6933EE12F7739C0052DEC6 /* Sleep Mac.scpt in Resources */,
				8D11072B0486CEB800E47090 /* InfoPlist.strings in Resources */,
				1DDD58160DA1D0A300B32029 /* TBMainMenu.xib in Resources */,
				B16F068C1275E53C00D13C0B /* TBPreferencesWindow.xib in Resources */,
				B16F0C421278708300D13C0B /* Gauge Pointer.png in Resources */,
				B16F0C431278708300D13C0B /* Gauge Face.png in Resources */,
				B16F0F151278FBAA00D13C0B /* Cog.png in Resources */,
				B16F0F291278FD0F00D13C0B /* Dark Cog.png in Resources */,
				B1F44B52127F30530020735E /* Set Up Button.png in Resources */,
				B1F44B53127F30530020735E /* Set Up Button Pressed.png in Resources */,
				DABFB45E129F21AB00AE41FF /* Monitor.png in Resources */,
				DABFB4B0129F2CF100AE41FF /* TBDefaults.plist in Resources */,
				DA198D5512B6B41A00D64DD7 /* TBGraphWindow.xib in Resources */,
				DA049FC112B8534600ECA24C /* Gauge Pressed.png in Resources */,
				DA049FC212B8534600ECA24C /* Gauge.png in Resources */,
				DA6D3BE112B959D0003D5F61 /* TBStatusWindow.xib in Resources */,
				DAB7E48612E34B4D006ED7C8 /* TBFirstLaunchWindow.xib in Resources */,
				DAB7EB8912E8FD8B006ED7C8 /* Graph Button Pressed.png in Resources */,
				DAB7EB8A12E8FD8B006ED7C8 /* Graph Button.png in Resources */,
				DAB7EC2B12E904BA006ED7C8 /* GraphWindowBackground.png in Resources */,
				DA66DAA512EB737C0065454C /* Caution.png in Resources */,
				DA66DB2B12EBE0A60065454C /* Icon.icns in Resources */,
				DA66DB3812ECA0490065454C /* Hint.png in Resources */,
				DA66DBFF12ECAEDB0065454C /* Credits.rtf in Resources */,
				B581F7CA13CA1D6000885FE8 /* AKAddLandmarkWindow.xib in Resources */,
				B593C18713CD8049006D03B9 /* Maps.png in Resources */,
				B57E9E8A13CF435400F76ED6 /* Help.png in Resources */,
				B5A1932C13D58A75006E6F40 /* Entitlements.entitlements in Resources */,
				B5E35C11142F533E00BC1734 /* Good16.png in Resources */,
				B5E35C12142F533E00BC1734 /* Bad16.png in Resources */,
				B5518F5A1438D2F6002A433C /* BWQuincyMain.nib in Resources */,
			);
			runOnlyForDeploymentPostprocessing = 0;
		};
/* End PBXResourcesBuildPhase section */

/* Begin PBXSourcesBuildPhase section */
		8D11072C0486CEB800E47090 /* Sources */ = {
			isa = PBXSourcesBuildPhase;
			buildActionMask = 2147483647;
			files = (
				8D11072D0486CEB800E47090 /* main.m in Sources */,
				256AC3DA0F4B6AC300CF3369 /* TrafficBotAppDelegate.m in Sources */,
				B16F069312760D4E00D13C0B /* TBStatusWindowController.m in Sources */,
				B16F06A4127619A400D13C0B /* TBStatusItemController.m in Sources */,
				B16F06C71276211D00D13C0B /* TBStatusItemView.m in Sources */,
				B16F084A12772C8200D13C0B /* MAAttachedWindow.m in Sources */,
				B16F0C461278709C00D13C0B /* AKGaugeView.m in Sources */,
				B16F0E941278CE6B00D13C0B /* AKTrafficMonitorService.m in Sources */,
				B16F108A127A09D000D13C0B /* APDrawingCategories.m in Sources */,
				B1F44962127E195F0020735E /* TBPreferencesWindowController.m in Sources */,
				B1F449B0127E352B0020735E /* NSWindow-NoodleEffects.m in Sources */,
				DABFB4D712A0421A00AE41FF /* NSDate+AKMidnight.m in Sources */,
				DA4BE76A12AC8CDF0070618E /* LaunchAtLoginController.m in Sources */,
				DA4BF12312B2930C0070618E /* NSWindow+AKFlip.m in Sources */,
				DA19893E12B459FD00D64DD7 /* TBGraphView.m in Sources */,
				DA19893F12B459FD00D64DD7 /* GVDescriptionWindow.m in Sources */,
				DA19897C12B45BDA00D64DD7 /* AKBytesFormatter.m in Sources */,
				DA198D5C12B6B47E00D64DD7 /* TBGraphWindowController.m in Sources */,
				DA06937612BD9774008B1584 /* GVViewCollection.m in Sources */,
				DAB7E22612E2408E006ED7C8 /* TBSetupView.m in Sources */,
				DAB7E48312E34B0B006ED7C8 /* TBFirstLaunchWindowController.m in Sources */,
				DA66D91F12EB511D0065454C /* AKSummaryView.m in Sources */,
				DA66D92812EB52030065454C /* TBSummaryGenerator.m in Sources */,
				DA0B22051310328800F375B6 /* NPReceiptVerification.m in Sources */,
				DABEB80213480C4100063B84 /* NSFont+AKFallback.m in Sources */,
				B552662513C721ED0037C39E /* AKLandmarkManager.m in Sources */,
				B500D93313C99CC000FD6D1C /* AKLandmark.m in Sources */,
				B581F7CE13CA1DCC00885FE8 /* AKAddLandmarkWindowController.m in Sources */,
				B567EC1613ED715200934E1E /* NSDate+AKCachedDateString.m in Sources */,
				B5795FF4142A208600D35F8E /* TrafficBotHelperConnection.m in Sources */,
				B5518F5B1438D2F6002A433C /* BWQuincyManager.m in Sources */,
			);
			runOnlyForDeploymentPostprocessing = 0;
		};
/* End PBXSourcesBuildPhase section */

/* Begin PBXVariantGroup section */
		089C165CFE840E0CC02AAC07 /* InfoPlist.strings */ = {
			isa = PBXVariantGroup;
			children = (
				089C165DFE840E0CC02AAC07 /* English */,
			);
			name = InfoPlist.strings;
			sourceTree = "<group>";
		};
		1DDD58140DA1D0A300B32029 /* TBMainMenu.xib */ = {
			isa = PBXVariantGroup;
			children = (
				1DDD58150DA1D0A300B32029 /* English */,
			);
			name = TBMainMenu.xib;
			sourceTree = "<group>";
		};
/* End PBXVariantGroup section */

/* Begin XCBuildConfiguration section */
		C01FCF4B08A954540054247B /* Debug */ = {
			isa = XCBuildConfiguration;
			buildSettings = {
				ALWAYS_SEARCH_USER_PATHS = NO;
				COPY_PHASE_STRIP = NO;
				FRAMEWORK_SEARCH_PATHS = (
					"$(inherited)",
					"\"$(SRCROOT)\"",
				);
				GCC_DYNAMIC_NO_PIC = NO;
				GCC_MODEL_TUNING = G5;
				GCC_OPTIMIZATION_LEVEL = 0;
				GCC_PRECOMPILE_PREFIX_HEADER = YES;
				GCC_PREFIX_HEADER = TrafficBot_Prefix.pch;
				GCC_WARN_64_TO_32_BIT_CONVERSION = NO;
				INFOPLIST_FILE = "TrafficBot-Info.plist";
				INSTALL_PATH = "$(HOME)/Applications";
				PRODUCT_NAME = TrafficBot;
				RUN_CLANG_STATIC_ANALYZER = NO;
				SDKROOT = macosx10.6;
			};
			name = Debug;
		};
		C01FCF4C08A954540054247B /* Release */ = {
			isa = XCBuildConfiguration;
			buildSettings = {
				ALWAYS_SEARCH_USER_PATHS = NO;
				DEBUG_INFORMATION_FORMAT = "dwarf-with-dsym";
				FRAMEWORK_SEARCH_PATHS = (
					"$(inherited)",
					"\"$(SRCROOT)\"",
				);
				GCC_MODEL_TUNING = G5;
				GCC_PRECOMPILE_PREFIX_HEADER = YES;
				GCC_PREFIX_HEADER = TrafficBot_Prefix.pch;
				GCC_WARN_64_TO_32_BIT_CONVERSION = NO;
				INFOPLIST_FILE = "TrafficBot-Info.plist";
				INSTALL_PATH = "$(HOME)/Applications";
				PRODUCT_NAME = TrafficBot;
				RUN_CLANG_STATIC_ANALYZER = NO;
				SDKROOT = macosx10.6;
			};
			name = Release;
		};
		C01FCF4F08A954540054247B /* Debug */ = {
			isa = XCBuildConfiguration;
			buildSettings = {
				ARCHS = "$(ARCHS_STANDARD_32_64_BIT)";
				CODE_SIGN_ENTITLEMENTS = Entitlements.entitlements;
				CODE_SIGN_IDENTITY = "";
				COPY_PHASE_STRIP = NO;
				GCC_C_LANGUAGE_STANDARD = gnu99;
				GCC_OPTIMIZATION_LEVEL = 0;
				GCC_PREPROCESSOR_DEFINITIONS = "DEBUG=1";
				GCC_TREAT_WARNINGS_AS_ERRORS = NO;
				GCC_VERSION = "";
				GCC_WARN_64_TO_32_BIT_CONVERSION = YES;
				GCC_WARN_ABOUT_MISSING_FIELD_INITIALIZERS = YES;
				GCC_WARN_ABOUT_MISSING_NEWLINE = YES;
				GCC_WARN_ABOUT_RETURN_TYPE = YES;
				GCC_WARN_CHECK_SWITCH_STATEMENTS = YES;
				GCC_WARN_INITIALIZER_NOT_FULLY_BRACKETED = YES;
				GCC_WARN_MISSING_PARENTHESES = YES;
				GCC_WARN_SHADOW = YES;
				GCC_WARN_SIGN_COMPARE = YES;
				GCC_WARN_TYPECHECK_CALLS_TO_PRINTF = YES;
				GCC_WARN_UNDECLARED_SELECTOR = YES;
				GCC_WARN_UNUSED_FUNCTION = YES;
				GCC_WARN_UNUSED_LABEL = YES;
				GCC_WARN_UNUSED_VALUE = YES;
				GCC_WARN_UNUSED_VARIABLE = YES;
				ONLY_ACTIVE_ARCH = YES;
				RUN_CLANG_STATIC_ANALYZER = NO;
				SDKROOT = macosx;
				STRIP_INSTALLED_PRODUCT = NO;
				VALID_ARCHS = "i386 x86_64";
				WARNING_CFLAGS = "";
			};
			name = Debug;
		};
		C01FCF5008A954540054247B /* Release */ = {
			isa = XCBuildConfiguration;
			buildSettings = {
				ARCHS = "$(ARCHS_STANDARD_32_64_BIT)";
				CODE_SIGN_ENTITLEMENTS = Entitlements.entitlements;
				CODE_SIGN_IDENTITY = "3rd Party Mac Developer Application";
				COPY_PHASE_STRIP = YES;
				GCC_C_LANGUAGE_STANDARD = gnu99;
				GCC_TREAT_WARNINGS_AS_ERRORS = NO;
				GCC_VERSION = "";
				GCC_WARN_64_TO_32_BIT_CONVERSION = YES;
				GCC_WARN_ABOUT_MISSING_FIELD_INITIALIZERS = YES;
				GCC_WARN_ABOUT_MISSING_NEWLINE = YES;
				GCC_WARN_ABOUT_RETURN_TYPE = YES;
				GCC_WARN_CHECK_SWITCH_STATEMENTS = YES;
				GCC_WARN_INITIALIZER_NOT_FULLY_BRACKETED = YES;
				GCC_WARN_MISSING_PARENTHESES = YES;
				GCC_WARN_SHADOW = YES;
				GCC_WARN_SIGN_COMPARE = YES;
				GCC_WARN_TYPECHECK_CALLS_TO_PRINTF = YES;
				GCC_WARN_UNDECLARED_SELECTOR = YES;
				GCC_WARN_UNUSED_FUNCTION = YES;
				GCC_WARN_UNUSED_LABEL = YES;
				GCC_WARN_UNUSED_VALUE = YES;
				GCC_WARN_UNUSED_VARIABLE = YES;
				PROVISIONING_PROFILE = "";
				RUN_CLANG_STATIC_ANALYZER = YES;
				SDKROOT = macosx;
				STRIP_INSTALLED_PRODUCT = YES;
				VALID_ARCHS = "i386 x86_64";
				WARNING_CFLAGS = "";
			};
			name = Release;
		};
/* End XCBuildConfiguration section */

/* Begin XCConfigurationList section */
		C01FCF4A08A954540054247B /* Build configuration list for PBXNativeTarget "TrafficBot" */ = {
			isa = XCConfigurationList;
			buildConfigurations = (
				C01FCF4B08A954540054247B /* Debug */,
				C01FCF4C08A954540054247B /* Release */,
			);
			defaultConfigurationIsVisible = 0;
			defaultConfigurationName = Release;
		};
		C01FCF4E08A954540054247B /* Build configuration list for PBXProject "TrafficBot" */ = {
			isa = XCConfigurationList;
			buildConfigurations = (
				C01FCF4F08A954540054247B /* Debug */,
				C01FCF5008A954540054247B /* Release */,
			);
			defaultConfigurationIsVisible = 0;
			defaultConfigurationName = Release;
		};
/* End XCConfigurationList section */
	};
	rootObject = 29B97313FDCFA39411CA2CEA /* Project object */;
}
